// !$*UTF8*$!
{
	archiveVersion = 1;
	classes = {
	};
	objectVersion = 56;
	objects = {

/* Begin PBXBuildFile section */
		D00087D029D4F00200A8A2C5 /* SpaceGrotesk-Light.ttf in Resources */ = {isa = PBXBuildFile; fileRef = D00087C929D4EFEC00A8A2C5 /* SpaceGrotesk-Light.ttf */; };
		D00087D129D4F00400A8A2C5 /* SpaceGrotesk-Regular.ttf in Resources */ = {isa = PBXBuildFile; fileRef = D00087CA29D4EFEC00A8A2C5 /* SpaceGrotesk-Regular.ttf */; };
		D00087D229D4F00600A8A2C5 /* SpaceGrotesk-SemiBold.ttf in Resources */ = {isa = PBXBuildFile; fileRef = D00087CB29D4EFEC00A8A2C5 /* SpaceGrotesk-SemiBold.ttf */; };
		D00087D329D4F00900A8A2C5 /* SpaceGrotesk-Medium.ttf in Resources */ = {isa = PBXBuildFile; fileRef = D00087CC29D4EFEC00A8A2C5 /* SpaceGrotesk-Medium.ttf */; };
		D00087D429D4F00C00A8A2C5 /* SpaceGrotesk-Bold.ttf in Resources */ = {isa = PBXBuildFile; fileRef = D00087CD29D4EFEC00A8A2C5 /* SpaceGrotesk-Bold.ttf */; };
		D00087E029D4F15D00A8A2C5 /* SpaceGrotesk-VariableFont_wght.ttf in Resources */ = {isa = PBXBuildFile; fileRef = D00087DF29D4F15D00A8A2C5 /* SpaceGrotesk-VariableFont_wght.ttf */; };
		D00087E229D50A5900A8A2C5 /* WorkoutLogModel.swift in Sources */ = {isa = PBXBuildFile; fileRef = D00087E129D50A5900A8A2C5 /* WorkoutLogModel.swift */; };
		D00087E429D50A7D00A8A2C5 /* WorkoutLogViewModel.swift in Sources */ = {isa = PBXBuildFile; fileRef = D00087E329D50A7D00A8A2C5 /* WorkoutLogViewModel.swift */; };
		D008F48129F1E7CD00B1C6EC /* HomePageView.swift in Sources */ = {isa = PBXBuildFile; fileRef = D008F48029F1E7CD00B1C6EC /* HomePageView.swift */; };
		D008F48329F1E7E600B1C6EC /* HomePageViewModel.swift in Sources */ = {isa = PBXBuildFile; fileRef = D008F48229F1E7E600B1C6EC /* HomePageViewModel.swift */; };
		D008F48529F1E7FE00B1C6EC /* HomePageModel .swift in Sources */ = {isa = PBXBuildFile; fileRef = D008F48429F1E7FE00B1C6EC /* HomePageModel .swift */; };
		D008F48729F2304700B1C6EC /* MyExercisesPage.swift in Sources */ = {isa = PBXBuildFile; fileRef = D008F48629F2304700B1C6EC /* MyExercisesPage.swift */; };
		D008F48C29F3651900B1C6EC /* WokoutLogDataModel.xcdatamodeld in Sources */ = {isa = PBXBuildFile; fileRef = D008F48A29F3651900B1C6EC /* WokoutLogDataModel.xcdatamodeld */; };
		D008F49029F36D9900B1C6EC /* dataController.swift in Sources */ = {isa = PBXBuildFile; fileRef = D008F48F29F36D9900B1C6EC /* dataController.swift */; };
		D008F4C629F42BDF00B1C6EC /* WidgetKit.framework in Frameworks */ = {isa = PBXBuildFile; fileRef = D008F49729F42ACF00B1C6EC /* WidgetKit.framework */; };
		D008F4C729F42BDF00B1C6EC /* SwiftUI.framework in Frameworks */ = {isa = PBXBuildFile; fileRef = D008F49929F42ACF00B1C6EC /* SwiftUI.framework */; };
		D008F4CA29F42BDF00B1C6EC /* workoutTimerWidgetBundle.swift in Sources */ = {isa = PBXBuildFile; fileRef = D008F4C929F42BDF00B1C6EC /* workoutTimerWidgetBundle.swift */; };
		D008F4CE29F42BE000B1C6EC /* Assets.xcassets in Resources */ = {isa = PBXBuildFile; fileRef = D008F4CD29F42BE000B1C6EC /* Assets.xcassets */; };
		D008F4D229F42BE000B1C6EC /* workoutTimerWidgetExtension.appex in Embed Foundation Extensions */ = {isa = PBXBuildFile; fileRef = D008F4C529F42BDF00B1C6EC /* workoutTimerWidgetExtension.appex */; settings = {ATTRIBUTES = (RemoveHeadersOnCopy, ); }; };
		D008F4DA29F42FF900B1C6EC /* timerAtribute.swift in Sources */ = {isa = PBXBuildFile; fileRef = D008F4D929F42FF900B1C6EC /* timerAtribute.swift */; };
		D008F4DB29F42FF900B1C6EC /* timerAtribute.swift in Sources */ = {isa = PBXBuildFile; fileRef = D008F4D929F42FF900B1C6EC /* timerAtribute.swift */; };
		D0370E2229CF84DD005682D8 /* NutrimalAApp.swift in Sources */ = {isa = PBXBuildFile; fileRef = D0370E2129CF84DD005682D8 /* NutrimalAApp.swift */; };
		D0370E2429CF84DD005682D8 /* WorkoutLogView.swift in Sources */ = {isa = PBXBuildFile; fileRef = D0370E2329CF84DD005682D8 /* WorkoutLogView.swift */; };
		D0370E2629CF84DE005682D8 /* Assets.xcassets in Resources */ = {isa = PBXBuildFile; fileRef = D0370E2529CF84DE005682D8 /* Assets.xcassets */; };
		D0370E2929CF84DE005682D8 /* Preview Assets.xcassets in Resources */ = {isa = PBXBuildFile; fileRef = D0370E2829CF84DE005682D8 /* Preview Assets.xcassets */; };
		D050B42129FC8BA400BC5442 /* exercisePage.swift in Sources */ = {isa = PBXBuildFile; fileRef = D050B42029FC8BA400BC5442 /* exercisePage.swift */; };
		D05AAC3129ECC5BA001FDEF9 /* TimerCompletedPopUp.swift in Sources */ = {isa = PBXBuildFile; fileRef = D05AAC3029ECC5BA001FDEF9 /* TimerCompletedPopUp.swift */; };
		D05AAC3F29F0E2BE001FDEF9 /* Exercises.json in Resources */ = {isa = PBXBuildFile; fileRef = D05AAC3E29F0E2BE001FDEF9 /* Exercises.json */; };
		D063801429F71C7500E2B0F7 /* ReorderSets.swift in Sources */ = {isa = PBXBuildFile; fileRef = D063801329F71C7500E2B0F7 /* ReorderSets.swift */; };
		D0685BB42A06CD0B00F66C75 /* ScheduleMode.swift in Sources */ = {isa = PBXBuildFile; fileRef = D0685BB32A06CD0B00F66C75 /* ScheduleMode.swift */; };
		D0685BB82A084AFD00F66C75 /* CustomHeader.swift in Sources */ = {isa = PBXBuildFile; fileRef = D0685BB72A084AFD00F66C75 /* CustomHeader.swift */; };
		D06A9E6729E8C85600DA00B4 /* AddExersisesPopUp.swift in Sources */ = {isa = PBXBuildFile; fileRef = D06A9E6629E8C85600DA00B4 /* AddExersisesPopUp.swift */; };
		D06EF5E629E4F0BC000ACFE1 /* DropDownMenu.swift in Sources */ = {isa = PBXBuildFile; fileRef = D06EF5E529E4F0BC000ACFE1 /* DropDownMenu.swift */; };
		D0A8B44329F45E5F001898BA /* HistoryPage.swift in Sources */ = {isa = PBXBuildFile; fileRef = D0A8B44229F45E5F001898BA /* HistoryPage.swift */; };
		D0AD966629E0CF75000B6711 /* HapticManager.swift in Sources */ = {isa = PBXBuildFile; fileRef = D0AD966529E0CF75000B6711 /* HapticManager.swift */; };
		D0B9068B29FC54FC001F5A67 /* addNewExercise.swift in Sources */ = {isa = PBXBuildFile; fileRef = D0B9068A29FC54FC001F5A67 /* addNewExercise.swift */; };
		D0C02FB229E0D0CF003DEEB1 /* WorkoutSetRowView.swift in Sources */ = {isa = PBXBuildFile; fileRef = D0C02FB129E0D0CF003DEEB1 /* WorkoutSetRowView.swift */; };
		D0C02FB429E0E3E8003DEEB1 /* 3DotsButton.swift in Sources */ = {isa = PBXBuildFile; fileRef = D0C02FB329E0E3E7003DEEB1 /* 3DotsButton.swift */; };
		D0C02FB629E0EFE9003DEEB1 /* DataMetricsButton.swift in Sources */ = {isa = PBXBuildFile; fileRef = D0C02FB529E0EFE9003DEEB1 /* DataMetricsButton.swift */; };
		D0C884072A0447820035D66C /* Schedule.swift in Sources */ = {isa = PBXBuildFile; fileRef = D0C884062A0447820035D66C /* Schedule.swift */; };
		D0C884092A05FE780035D66C /* WorkoutSetRowViewForCreator.swift in Sources */ = {isa = PBXBuildFile; fileRef = D0C884082A05FE780035D66C /* WorkoutSetRowViewForCreator.swift */; };
		D0D28F4329FE114E00857C61 /* MyWorkoutsPage.swift in Sources */ = {isa = PBXBuildFile; fileRef = D0D28F4229FE114E00857C61 /* MyWorkoutsPage.swift */; };
		D0D28F4529FEC76B00857C61 /* createWorkout.swift in Sources */ = {isa = PBXBuildFile; fileRef = D0D28F4429FEC76B00857C61 /* createWorkout.swift */; };
		D0E4F46129FAD9A60031A023 /* TimerPopUp.swift in Sources */ = {isa = PBXBuildFile; fileRef = D0E4F46029FAD9A60031A023 /* TimerPopUp.swift */; };
/* End PBXBuildFile section */

/* Begin PBXContainerItemProxy section */
		D008F4D029F42BE000B1C6EC /* PBXContainerItemProxy */ = {
			isa = PBXContainerItemProxy;
			containerPortal = D0370E1629CF84DD005682D8 /* Project object */;
			proxyType = 1;
			remoteGlobalIDString = D008F4C429F42BDF00B1C6EC;
			remoteInfo = workoutTimerWidgetExtension;
		};
/* End PBXContainerItemProxy section */

/* Begin PBXCopyFilesBuildPhase section */
		D008F4AB29F42AD100B1C6EC /* Embed Foundation Extensions */ = {
			isa = PBXCopyFilesBuildPhase;
			buildActionMask = 2147483647;
			dstPath = "";
			dstSubfolderSpec = 13;
			files = (
				D008F4D229F42BE000B1C6EC /* workoutTimerWidgetExtension.appex in Embed Foundation Extensions */,
			);
			name = "Embed Foundation Extensions";
			runOnlyForDeploymentPostprocessing = 0;
		};
/* End PBXCopyFilesBuildPhase section */

/* Begin PBXFileReference section */
		D00087C929D4EFEC00A8A2C5 /* SpaceGrotesk-Light.ttf */ = {isa = PBXFileReference; lastKnownFileType = file; path = "SpaceGrotesk-Light.ttf"; sourceTree = "<group>"; };
		D00087CA29D4EFEC00A8A2C5 /* SpaceGrotesk-Regular.ttf */ = {isa = PBXFileReference; lastKnownFileType = file; path = "SpaceGrotesk-Regular.ttf"; sourceTree = "<group>"; };
		D00087CB29D4EFEC00A8A2C5 /* SpaceGrotesk-SemiBold.ttf */ = {isa = PBXFileReference; lastKnownFileType = file; path = "SpaceGrotesk-SemiBold.ttf"; sourceTree = "<group>"; };
		D00087CC29D4EFEC00A8A2C5 /* SpaceGrotesk-Medium.ttf */ = {isa = PBXFileReference; lastKnownFileType = file; path = "SpaceGrotesk-Medium.ttf"; sourceTree = "<group>"; };
		D00087CD29D4EFEC00A8A2C5 /* SpaceGrotesk-Bold.ttf */ = {isa = PBXFileReference; lastKnownFileType = file; path = "SpaceGrotesk-Bold.ttf"; sourceTree = "<group>"; };
		D00087DF29D4F15D00A8A2C5 /* SpaceGrotesk-VariableFont_wght.ttf */ = {isa = PBXFileReference; lastKnownFileType = file; path = "SpaceGrotesk-VariableFont_wght.ttf"; sourceTree = "<group>"; };
		D00087E129D50A5900A8A2C5 /* WorkoutLogModel.swift */ = {isa = PBXFileReference; lastKnownFileType = sourcecode.swift; path = WorkoutLogModel.swift; sourceTree = "<group>"; };
		D00087E329D50A7D00A8A2C5 /* WorkoutLogViewModel.swift */ = {isa = PBXFileReference; lastKnownFileType = sourcecode.swift; path = WorkoutLogViewModel.swift; sourceTree = "<group>"; };
		D008F48029F1E7CD00B1C6EC /* HomePageView.swift */ = {isa = PBXFileReference; lastKnownFileType = sourcecode.swift; path = HomePageView.swift; sourceTree = "<group>"; };
		D008F48229F1E7E600B1C6EC /* HomePageViewModel.swift */ = {isa = PBXFileReference; lastKnownFileType = sourcecode.swift; path = HomePageViewModel.swift; sourceTree = "<group>"; };
		D008F48429F1E7FE00B1C6EC /* HomePageModel .swift */ = {isa = PBXFileReference; lastKnownFileType = sourcecode.swift; path = "HomePageModel .swift"; sourceTree = "<group>"; };
		D008F48629F2304700B1C6EC /* MyExercisesPage.swift */ = {isa = PBXFileReference; lastKnownFileType = sourcecode.swift; path = MyExercisesPage.swift; sourceTree = "<group>"; };
		D008F48B29F3651900B1C6EC /* WokoutLogDataModel.xcdatamodel */ = {isa = PBXFileReference; lastKnownFileType = wrapper.xcdatamodel; path = WokoutLogDataModel.xcdatamodel; sourceTree = "<group>"; };
		D008F48F29F36D9900B1C6EC /* dataController.swift */ = {isa = PBXFileReference; lastKnownFileType = sourcecode.swift; path = dataController.swift; sourceTree = "<group>"; };
		D008F49729F42ACF00B1C6EC /* WidgetKit.framework */ = {isa = PBXFileReference; lastKnownFileType = wrapper.framework; name = WidgetKit.framework; path = System/Library/Frameworks/WidgetKit.framework; sourceTree = SDKROOT; };
		D008F49929F42ACF00B1C6EC /* SwiftUI.framework */ = {isa = PBXFileReference; lastKnownFileType = wrapper.framework; name = SwiftUI.framework; path = System/Library/Frameworks/SwiftUI.framework; sourceTree = SDKROOT; };
		D008F4C529F42BDF00B1C6EC /* workoutTimerWidgetExtension.appex */ = {isa = PBXFileReference; explicitFileType = "wrapper.app-extension"; includeInIndex = 0; path = workoutTimerWidgetExtension.appex; sourceTree = BUILT_PRODUCTS_DIR; };
		D008F4C929F42BDF00B1C6EC /* workoutTimerWidgetBundle.swift */ = {isa = PBXFileReference; lastKnownFileType = sourcecode.swift; path = workoutTimerWidgetBundle.swift; sourceTree = "<group>"; };
		D008F4CD29F42BE000B1C6EC /* Assets.xcassets */ = {isa = PBXFileReference; lastKnownFileType = folder.assetcatalog; path = Assets.xcassets; sourceTree = "<group>"; };
		D008F4CF29F42BE000B1C6EC /* Info.plist */ = {isa = PBXFileReference; lastKnownFileType = text.plist.xml; path = Info.plist; sourceTree = "<group>"; };
		D008F4D929F42FF900B1C6EC /* timerAtribute.swift */ = {isa = PBXFileReference; lastKnownFileType = sourcecode.swift; path = timerAtribute.swift; sourceTree = "<group>"; };
		D0370E1E29CF84DD005682D8 /* NutrimalA.app */ = {isa = PBXFileReference; explicitFileType = wrapper.application; includeInIndex = 0; path = NutrimalA.app; sourceTree = BUILT_PRODUCTS_DIR; };
		D0370E2129CF84DD005682D8 /* NutrimalAApp.swift */ = {isa = PBXFileReference; lastKnownFileType = sourcecode.swift; path = NutrimalAApp.swift; sourceTree = "<group>"; };
		D0370E2329CF84DD005682D8 /* WorkoutLogView.swift */ = {isa = PBXFileReference; lastKnownFileType = sourcecode.swift; path = WorkoutLogView.swift; sourceTree = "<group>"; tabWidth = 4; usesTabs = 0; };
		D0370E2529CF84DE005682D8 /* Assets.xcassets */ = {isa = PBXFileReference; lastKnownFileType = folder.assetcatalog; path = Assets.xcassets; sourceTree = "<group>"; };
		D0370E2829CF84DE005682D8 /* Preview Assets.xcassets */ = {isa = PBXFileReference; lastKnownFileType = folder.assetcatalog; path = "Preview Assets.xcassets"; sourceTree = "<group>"; };
		D050B42029FC8BA400BC5442 /* exercisePage.swift */ = {isa = PBXFileReference; lastKnownFileType = sourcecode.swift; path = exercisePage.swift; sourceTree = "<group>"; };
		D05AAC3029ECC5BA001FDEF9 /* TimerCompletedPopUp.swift */ = {isa = PBXFileReference; lastKnownFileType = sourcecode.swift; path = TimerCompletedPopUp.swift; sourceTree = "<group>"; };
		D05AAC3E29F0E2BE001FDEF9 /* Exercises.json */ = {isa = PBXFileReference; lastKnownFileType = text.json; path = Exercises.json; sourceTree = "<group>"; };
		D063801329F71C7500E2B0F7 /* ReorderSets.swift */ = {isa = PBXFileReference; lastKnownFileType = sourcecode.swift; path = ReorderSets.swift; sourceTree = "<group>"; };
		D0685BB32A06CD0B00F66C75 /* ScheduleMode.swift */ = {isa = PBXFileReference; lastKnownFileType = sourcecode.swift; path = ScheduleMode.swift; sourceTree = "<group>"; };
		D0685BB72A084AFD00F66C75 /* CustomHeader.swift */ = {isa = PBXFileReference; lastKnownFileType = sourcecode.swift; path = CustomHeader.swift; sourceTree = "<group>"; };
		D06A9E6629E8C85600DA00B4 /* AddExersisesPopUp.swift */ = {isa = PBXFileReference; lastKnownFileType = sourcecode.swift; path = AddExersisesPopUp.swift; sourceTree = "<group>"; };
		D06EF5E529E4F0BC000ACFE1 /* DropDownMenu.swift */ = {isa = PBXFileReference; lastKnownFileType = sourcecode.swift; path = DropDownMenu.swift; sourceTree = "<group>"; };
		D0A8B44229F45E5F001898BA /* HistoryPage.swift */ = {isa = PBXFileReference; lastKnownFileType = sourcecode.swift; path = HistoryPage.swift; sourceTree = "<group>"; };
		D0AD966529E0CF75000B6711 /* HapticManager.swift */ = {isa = PBXFileReference; lastKnownFileType = sourcecode.swift; path = HapticManager.swift; sourceTree = "<group>"; };
		D0B9068A29FC54FC001F5A67 /* addNewExercise.swift */ = {isa = PBXFileReference; lastKnownFileType = sourcecode.swift; path = addNewExercise.swift; sourceTree = "<group>"; };
		D0C02FB129E0D0CF003DEEB1 /* WorkoutSetRowView.swift */ = {isa = PBXFileReference; lastKnownFileType = sourcecode.swift; path = WorkoutSetRowView.swift; sourceTree = "<group>"; };
		D0C02FB329E0E3E7003DEEB1 /* 3DotsButton.swift */ = {isa = PBXFileReference; lastKnownFileType = sourcecode.swift; path = 3DotsButton.swift; sourceTree = "<group>"; };
		D0C02FB529E0EFE9003DEEB1 /* DataMetricsButton.swift */ = {isa = PBXFileReference; lastKnownFileType = sourcecode.swift; path = DataMetricsButton.swift; sourceTree = "<group>"; };
		D0C884062A0447820035D66C /* Schedule.swift */ = {isa = PBXFileReference; lastKnownFileType = sourcecode.swift; path = Schedule.swift; sourceTree = "<group>"; };
		D0C884082A05FE780035D66C /* WorkoutSetRowViewForCreator.swift */ = {isa = PBXFileReference; lastKnownFileType = sourcecode.swift; path = WorkoutSetRowViewForCreator.swift; sourceTree = "<group>"; };
		D0D28F4229FE114E00857C61 /* MyWorkoutsPage.swift */ = {isa = PBXFileReference; lastKnownFileType = sourcecode.swift; path = MyWorkoutsPage.swift; sourceTree = "<group>"; };
		D0D28F4429FEC76B00857C61 /* createWorkout.swift */ = {isa = PBXFileReference; lastKnownFileType = sourcecode.swift; path = createWorkout.swift; sourceTree = "<group>"; };
		D0D6674C29D09ADB00F2C1E9 /* Info.plist */ = {isa = PBXFileReference; lastKnownFileType = text.plist.xml; path = Info.plist; sourceTree = "<group>"; };
		D0E4F46029FAD9A60031A023 /* TimerPopUp.swift */ = {isa = PBXFileReference; lastKnownFileType = sourcecode.swift; path = TimerPopUp.swift; sourceTree = "<group>"; };
/* End PBXFileReference section */

/* Begin PBXFrameworksBuildPhase section */
		D008F4C229F42BDF00B1C6EC /* Frameworks */ = {
			isa = PBXFrameworksBuildPhase;
			buildActionMask = 2147483647;
			files = (
				D008F4C729F42BDF00B1C6EC /* SwiftUI.framework in Frameworks */,
				D008F4C629F42BDF00B1C6EC /* WidgetKit.framework in Frameworks */,
			);
			runOnlyForDeploymentPostprocessing = 0;
		};
		D0370E1B29CF84DD005682D8 /* Frameworks */ = {
			isa = PBXFrameworksBuildPhase;
			buildActionMask = 2147483647;
			files = (
			);
			runOnlyForDeploymentPostprocessing = 0;
		};
/* End PBXFrameworksBuildPhase section */

/* Begin PBXGroup section */
		D00087C829D4EFEC00A8A2C5 /* static */ = {
			isa = PBXGroup;
			children = (
				D00087C929D4EFEC00A8A2C5 /* SpaceGrotesk-Light.ttf */,
				D00087CA29D4EFEC00A8A2C5 /* SpaceGrotesk-Regular.ttf */,
				D00087CB29D4EFEC00A8A2C5 /* SpaceGrotesk-SemiBold.ttf */,
				D00087CC29D4EFEC00A8A2C5 /* SpaceGrotesk-Medium.ttf */,
				D00087DF29D4F15D00A8A2C5 /* SpaceGrotesk-VariableFont_wght.ttf */,
				D00087CD29D4EFEC00A8A2C5 /* SpaceGrotesk-Bold.ttf */,
			);
			path = static;
			sourceTree = "<group>";
		};
		D008F47D29F1E65900B1C6EC /* WokroutLog */ = {
			isa = PBXGroup;
			children = (
				D0C02FB529E0EFE9003DEEB1 /* DataMetricsButton.swift */,
				D0C02FB329E0E3E7003DEEB1 /* 3DotsButton.swift */,
				D0370E2329CF84DD005682D8 /* WorkoutLogView.swift */,
				D00087E129D50A5900A8A2C5 /* WorkoutLogModel.swift */,
				D00087E329D50A7D00A8A2C5 /* WorkoutLogViewModel.swift */,
				D0AD966529E0CF75000B6711 /* HapticManager.swift */,
				D063801329F71C7500E2B0F7 /* ReorderSets.swift */,
				D0C02FB129E0D0CF003DEEB1 /* WorkoutSetRowView.swift */,
				D0C884082A05FE780035D66C /* WorkoutSetRowViewForCreator.swift */,
				D05AAC3029ECC5BA001FDEF9 /* TimerCompletedPopUp.swift */,
				D06A9E6629E8C85600DA00B4 /* AddExersisesPopUp.swift */,
				D06EF5E529E4F0BC000ACFE1 /* DropDownMenu.swift */,
				D0E4F46029FAD9A60031A023 /* TimerPopUp.swift */,
				D0B9068A29FC54FC001F5A67 /* addNewExercise.swift */,
			);
			path = WokroutLog;
			sourceTree = "<group>";
		};
		D008F48929F364E800B1C6EC /* DataModelMain */ = {
			isa = PBXGroup;
			children = (
				D008F48A29F3651900B1C6EC /* WokoutLogDataModel.xcdatamodeld */,
				D008F48F29F36D9900B1C6EC /* dataController.swift */,
				D0685BB72A084AFD00F66C75 /* CustomHeader.swift */,
			);
			path = DataModelMain;
			sourceTree = "<group>";
		};
		D008F49629F42ACF00B1C6EC /* Frameworks */ = {
			isa = PBXGroup;
			children = (
				D008F49729F42ACF00B1C6EC /* WidgetKit.framework */,
				D008F49929F42ACF00B1C6EC /* SwiftUI.framework */,
			);
			name = Frameworks;
			sourceTree = "<group>";
		};
		D008F4C829F42BDF00B1C6EC /* workoutTimerWidget */ = {
			isa = PBXGroup;
			children = (
				D008F4C929F42BDF00B1C6EC /* workoutTimerWidgetBundle.swift */,
				D008F4CD29F42BE000B1C6EC /* Assets.xcassets */,
				D008F4CF29F42BE000B1C6EC /* Info.plist */,
			);
			path = workoutTimerWidget;
			sourceTree = "<group>";
		};
		D0370E1529CF84DD005682D8 = {
			isa = PBXGroup;
			children = (
				D05AAC3E29F0E2BE001FDEF9 /* Exercises.json */,
				D0D6674C29D09ADB00F2C1E9 /* Info.plist */,
				D00087C829D4EFEC00A8A2C5 /* static */,
				D0370E2029CF84DD005682D8 /* NutrimalA */,
				D008F4C829F42BDF00B1C6EC /* workoutTimerWidget */,
				D008F49629F42ACF00B1C6EC /* Frameworks */,
				D0370E1F29CF84DD005682D8 /* Products */,
			);
			sourceTree = "<group>";
		};
		D0370E1F29CF84DD005682D8 /* Products */ = {
			isa = PBXGroup;
			children = (
				D0370E1E29CF84DD005682D8 /* NutrimalA.app */,
				D008F4C529F42BDF00B1C6EC /* workoutTimerWidgetExtension.appex */,
			);
			name = Products;
			sourceTree = "<group>";
		};
		D0370E2029CF84DD005682D8 /* NutrimalA */ = {
			isa = PBXGroup;
			children = (
				D008F48929F364E800B1C6EC /* DataModelMain */,
				D0370E2129CF84DD005682D8 /* NutrimalAApp.swift */,
				D0D28F4229FE114E00857C61 /* MyWorkoutsPage.swift */,
				D008F48629F2304700B1C6EC /* MyExercisesPage.swift */,
				D050B42029FC8BA400BC5442 /* exercisePage.swift */,
				D0A8B44229F45E5F001898BA /* HistoryPage.swift */,
				D0C884062A0447820035D66C /* Schedule.swift */,
				D008F48029F1E7CD00B1C6EC /* HomePageView.swift */,
				D008F48429F1E7FE00B1C6EC /* HomePageModel .swift */,
				D0685BB32A06CD0B00F66C75 /* ScheduleMode.swift */,
				D008F48229F1E7E600B1C6EC /* HomePageViewModel.swift */,
				D0D28F4429FEC76B00857C61 /* createWorkout.swift */,
				D008F47D29F1E65900B1C6EC /* WokroutLog */,
				D0370E2529CF84DE005682D8 /* Assets.xcassets */,
				D0370E2729CF84DE005682D8 /* Preview Content */,
				D008F4D929F42FF900B1C6EC /* timerAtribute.swift */,
			);
			path = NutrimalA;
			sourceTree = "<group>";
		};
		D0370E2729CF84DE005682D8 /* Preview Content */ = {
			isa = PBXGroup;
			children = (
				D0370E2829CF84DE005682D8 /* Preview Assets.xcassets */,
			);
			path = "Preview Content";
			sourceTree = "<group>";
		};
/* End PBXGroup section */

/* Begin PBXNativeTarget section */
		D008F4C429F42BDF00B1C6EC /* workoutTimerWidgetExtension */ = {
			isa = PBXNativeTarget;
			buildConfigurationList = D008F4D329F42BE000B1C6EC /* Build configuration list for PBXNativeTarget "workoutTimerWidgetExtension" */;
			buildPhases = (
				D008F4C129F42BDF00B1C6EC /* Sources */,
				D008F4C229F42BDF00B1C6EC /* Frameworks */,
				D008F4C329F42BDF00B1C6EC /* Resources */,
			);
			buildRules = (
			);
			dependencies = (
			);
			name = workoutTimerWidgetExtension;
			productName = workoutTimerWidgetExtension;
			productReference = D008F4C529F42BDF00B1C6EC /* workoutTimerWidgetExtension.appex */;
			productType = "com.apple.product-type.app-extension";
		};
		D0370E1D29CF84DD005682D8 /* NutrimalA */ = {
			isa = PBXNativeTarget;
			buildConfigurationList = D0370E2C29CF84DE005682D8 /* Build configuration list for PBXNativeTarget "NutrimalA" */;
			buildPhases = (
				D0370E1A29CF84DD005682D8 /* Sources */,
				D0370E1B29CF84DD005682D8 /* Frameworks */,
				D0370E1C29CF84DD005682D8 /* Resources */,
				D008F4AB29F42AD100B1C6EC /* Embed Foundation Extensions */,
			);
			buildRules = (
			);
			dependencies = (
				D008F4D129F42BE000B1C6EC /* PBXTargetDependency */,
			);
			name = NutrimalA;
			productName = NutrimalA;
			productReference = D0370E1E29CF84DD005682D8 /* NutrimalA.app */;
			productType = "com.apple.product-type.application";
		};
/* End PBXNativeTarget section */

/* Begin PBXProject section */
		D0370E1629CF84DD005682D8 /* Project object */ = {
			isa = PBXProject;
			attributes = {
				BuildIndependentTargetsInParallel = 1;
				LastSwiftUpdateCheck = 1420;
				LastUpgradeCheck = 1420;
				TargetAttributes = {
					D008F4C429F42BDF00B1C6EC = {
						CreatedOnToolsVersion = 14.2;
					};
					D0370E1D29CF84DD005682D8 = {
						CreatedOnToolsVersion = 14.2;
					};
				};
			};
			buildConfigurationList = D0370E1929CF84DD005682D8 /* Build configuration list for PBXProject "NutrimalA" */;
			compatibilityVersion = "Xcode 14.0";
			developmentRegion = en;
			hasScannedForEncodings = 0;
			knownRegions = (
				en,
				Base,
			);
			mainGroup = D0370E1529CF84DD005682D8;
			productRefGroup = D0370E1F29CF84DD005682D8 /* Products */;
			projectDirPath = "";
			projectRoot = "";
			targets = (
				D0370E1D29CF84DD005682D8 /* NutrimalA */,
				D008F4C429F42BDF00B1C6EC /* workoutTimerWidgetExtension */,
			);
		};
/* End PBXProject section */

/* Begin PBXResourcesBuildPhase section */
		D008F4C329F42BDF00B1C6EC /* Resources */ = {
			isa = PBXResourcesBuildPhase;
			buildActionMask = 2147483647;
			files = (
				D008F4CE29F42BE000B1C6EC /* Assets.xcassets in Resources */,
			);
			runOnlyForDeploymentPostprocessing = 0;
		};
		D0370E1C29CF84DD005682D8 /* Resources */ = {
			isa = PBXResourcesBuildPhase;
			buildActionMask = 2147483647;
			files = (
				D05AAC3F29F0E2BE001FDEF9 /* Exercises.json in Resources */,
				D0370E2929CF84DE005682D8 /* Preview Assets.xcassets in Resources */,
				D00087D129D4F00400A8A2C5 /* SpaceGrotesk-Regular.ttf in Resources */,
				D00087D429D4F00C00A8A2C5 /* SpaceGrotesk-Bold.ttf in Resources */,
				D00087D029D4F00200A8A2C5 /* SpaceGrotesk-Light.ttf in Resources */,
				D00087E029D4F15D00A8A2C5 /* SpaceGrotesk-VariableFont_wght.ttf in Resources */,
				D00087D329D4F00900A8A2C5 /* SpaceGrotesk-Medium.ttf in Resources */,
				D0370E2629CF84DE005682D8 /* Assets.xcassets in Resources */,
				D00087D229D4F00600A8A2C5 /* SpaceGrotesk-SemiBold.ttf in Resources */,
			);
			runOnlyForDeploymentPostprocessing = 0;
		};
/* End PBXResourcesBuildPhase section */

/* Begin PBXSourcesBuildPhase section */
		D008F4C129F42BDF00B1C6EC /* Sources */ = {
			isa = PBXSourcesBuildPhase;
			buildActionMask = 2147483647;
			files = (
				D008F4DB29F42FF900B1C6EC /* timerAtribute.swift in Sources */,
				D008F4CA29F42BDF00B1C6EC /* workoutTimerWidgetBundle.swift in Sources */,
			);
			runOnlyForDeploymentPostprocessing = 0;
		};
		D0370E1A29CF84DD005682D8 /* Sources */ = {
			isa = PBXSourcesBuildPhase;
			buildActionMask = 2147483647;
			files = (
				D0D28F4529FEC76B00857C61 /* createWorkout.swift in Sources */,
				D0D28F4329FE114E00857C61 /* MyWorkoutsPage.swift in Sources */,
				D0685BB82A084AFD00F66C75 /* CustomHeader.swift in Sources */,
				D0C02FB429E0E3E8003DEEB1 /* 3DotsButton.swift in Sources */,
				D008F48129F1E7CD00B1C6EC /* HomePageView.swift in Sources */,
				D00087E229D50A5900A8A2C5 /* WorkoutLogModel.swift in Sources */,
				D00087E429D50A7D00A8A2C5 /* WorkoutLogViewModel.swift in Sources */,
				D008F48329F1E7E600B1C6EC /* HomePageViewModel.swift in Sources */,
				D0685BB42A06CD0B00F66C75 /* ScheduleMode.swift in Sources */,
				D0370E2429CF84DD005682D8 /* WorkoutLogView.swift in Sources */,
				D0C884092A05FE780035D66C /* WorkoutSetRowViewForCreator.swift in Sources */,
				D050B42129FC8BA400BC5442 /* exercisePage.swift in Sources */,
				D063801429F71C7500E2B0F7 /* ReorderSets.swift in Sources */,
				D008F49029F36D9900B1C6EC /* dataController.swift in Sources */,
				D008F48529F1E7FE00B1C6EC /* HomePageModel .swift in Sources */,
				D0370E2229CF84DD005682D8 /* NutrimalAApp.swift in Sources */,
				D008F4DA29F42FF900B1C6EC /* timerAtribute.swift in Sources */,
				D0E4F46129FAD9A60031A023 /* TimerPopUp.swift in Sources */,
				D0C02FB229E0D0CF003DEEB1 /* WorkoutSetRowView.swift in Sources */,
				D06EF5E629E4F0BC000ACFE1 /* DropDownMenu.swift in Sources */,
				D008F48729F2304700B1C6EC /* MyExercisesPage.swift in Sources */,
				D0AD966629E0CF75000B6711 /* HapticManager.swift in Sources */,
				D06A9E6729E8C85600DA00B4 /* AddExersisesPopUp.swift in Sources */,
				D008F48C29F3651900B1C6EC /* WokoutLogDataModel.xcdatamodeld in Sources */,
				D0A8B44329F45E5F001898BA /* HistoryPage.swift in Sources */,
				D0C02FB629E0EFE9003DEEB1 /* DataMetricsButton.swift in Sources */,
				D0B9068B29FC54FC001F5A67 /* addNewExercise.swift in Sources */,
				D0C884072A0447820035D66C /* Schedule.swift in Sources */,
				D05AAC3129ECC5BA001FDEF9 /* TimerCompletedPopUp.swift in Sources */,
			);
			runOnlyForDeploymentPostprocessing = 0;
		};
/* End PBXSourcesBuildPhase section */

/* Begin PBXTargetDependency section */
		D008F4D129F42BE000B1C6EC /* PBXTargetDependency */ = {
			isa = PBXTargetDependency;
			target = D008F4C429F42BDF00B1C6EC /* workoutTimerWidgetExtension */;
			targetProxy = D008F4D029F42BE000B1C6EC /* PBXContainerItemProxy */;
		};
/* End PBXTargetDependency section */

/* Begin XCBuildConfiguration section */
		D008F4D429F42BE000B1C6EC /* Debug */ = {
			isa = XCBuildConfiguration;
			buildSettings = {
				ASSETCATALOG_COMPILER_GLOBAL_ACCENT_COLOR_NAME = AccentColor;
				ASSETCATALOG_COMPILER_WIDGET_BACKGROUND_COLOR_NAME = WidgetBackground;
				CODE_SIGN_STYLE = Automatic;
				CURRENT_PROJECT_VERSION = 1;
				DEVELOPMENT_TEAM = BX5MBDUY2N;
				GENERATE_INFOPLIST_FILE = YES;
				INFOPLIST_FILE = workoutTimerWidget/Info.plist;
				INFOPLIST_KEY_CFBundleDisplayName = workoutTimerWidget;
				INFOPLIST_KEY_NSHumanReadableCopyright = "";
				INFOPLIST_KEY_NSSupportsLiveActivities = YES;
				LD_RUNPATH_SEARCH_PATHS = (
					"$(inherited)",
					"@executable_path/Frameworks",
					"@executable_path/../../Frameworks",
				);
				MARKETING_VERSION = 1.0;
				PRODUCT_BUNDLE_IDENTIFIER = NutrimalA.NutrimalA.workoutTimerWidget;
				PRODUCT_NAME = "$(TARGET_NAME)";
				SKIP_INSTALL = YES;
				SWIFT_EMIT_LOC_STRINGS = YES;
				SWIFT_VERSION = 5.0;
				TARGETED_DEVICE_FAMILY = "1,2";
			};
			name = Debug;
		};
		D008F4D529F42BE000B1C6EC /* Release */ = {
			isa = XCBuildConfiguration;
			buildSettings = {
				ASSETCATALOG_COMPILER_GLOBAL_ACCENT_COLOR_NAME = AccentColor;
				ASSETCATALOG_COMPILER_WIDGET_BACKGROUND_COLOR_NAME = WidgetBackground;
				CODE_SIGN_STYLE = Automatic;
				CURRENT_PROJECT_VERSION = 1;
				DEVELOPMENT_TEAM = BX5MBDUY2N;
				GENERATE_INFOPLIST_FILE = YES;
				INFOPLIST_FILE = workoutTimerWidget/Info.plist;
				INFOPLIST_KEY_CFBundleDisplayName = workoutTimerWidget;
				INFOPLIST_KEY_NSHumanReadableCopyright = "";
				INFOPLIST_KEY_NSSupportsLiveActivities = YES;
				LD_RUNPATH_SEARCH_PATHS = (
					"$(inherited)",
					"@executable_path/Frameworks",
					"@executable_path/../../Frameworks",
				);
				MARKETING_VERSION = 1.0;
				PRODUCT_BUNDLE_IDENTIFIER = NutrimalA.NutrimalA.workoutTimerWidget;
				PRODUCT_NAME = "$(TARGET_NAME)";
				SKIP_INSTALL = YES;
				SWIFT_EMIT_LOC_STRINGS = YES;
				SWIFT_VERSION = 5.0;
				TARGETED_DEVICE_FAMILY = "1,2";
			};
			name = Release;
		};
		D0370E2A29CF84DE005682D8 /* Debug */ = {
			isa = XCBuildConfiguration;
			buildSettings = {
				ALWAYS_SEARCH_USER_PATHS = NO;
				CLANG_ANALYZER_NONNULL = YES;
				CLANG_ANALYZER_NUMBER_OBJECT_CONVERSION = YES_AGGRESSIVE;
				CLANG_CXX_LANGUAGE_STANDARD = "gnu++20";
				CLANG_ENABLE_MODULES = YES;
				CLANG_ENABLE_OBJC_ARC = YES;
				CLANG_ENABLE_OBJC_WEAK = YES;
				CLANG_WARN_BLOCK_CAPTURE_AUTORELEASING = YES;
				CLANG_WARN_BOOL_CONVERSION = YES;
				CLANG_WARN_COMMA = YES;
				CLANG_WARN_CONSTANT_CONVERSION = YES;
				CLANG_WARN_DEPRECATED_OBJC_IMPLEMENTATIONS = YES;
				CLANG_WARN_DIRECT_OBJC_ISA_USAGE = YES_ERROR;
				CLANG_WARN_DOCUMENTATION_COMMENTS = YES;
				CLANG_WARN_EMPTY_BODY = YES;
				CLANG_WARN_ENUM_CONVERSION = YES;
				CLANG_WARN_INFINITE_RECURSION = YES;
				CLANG_WARN_INT_CONVERSION = YES;
				CLANG_WARN_NON_LITERAL_NULL_CONVERSION = YES;
				CLANG_WARN_OBJC_IMPLICIT_RETAIN_SELF = YES;
				CLANG_WARN_OBJC_LITERAL_CONVERSION = YES;
				CLANG_WARN_OBJC_ROOT_CLASS = YES_ERROR;
				CLANG_WARN_QUOTED_INCLUDE_IN_FRAMEWORK_HEADER = YES;
				CLANG_WARN_RANGE_LOOP_ANALYSIS = YES;
				CLANG_WARN_STRICT_PROTOTYPES = YES;
				CLANG_WARN_SUSPICIOUS_MOVE = YES;
				CLANG_WARN_UNGUARDED_AVAILABILITY = YES_AGGRESSIVE;
				CLANG_WARN_UNREACHABLE_CODE = YES;
				CLANG_WARN__DUPLICATE_METHOD_MATCH = YES;
				COPY_PHASE_STRIP = NO;
				DEBUG_INFORMATION_FORMAT = dwarf;
				ENABLE_STRICT_OBJC_MSGSEND = YES;
				ENABLE_TESTABILITY = YES;
				GCC_C_LANGUAGE_STANDARD = gnu11;
				GCC_DYNAMIC_NO_PIC = NO;
				GCC_NO_COMMON_BLOCKS = YES;
				GCC_OPTIMIZATION_LEVEL = 0;
				GCC_PREPROCESSOR_DEFINITIONS = (
					"DEBUG=1",
					"$(inherited)",
				);
				GCC_WARN_64_TO_32_BIT_CONVERSION = YES;
				GCC_WARN_ABOUT_RETURN_TYPE = YES_ERROR;
				GCC_WARN_UNDECLARED_SELECTOR = YES;
				GCC_WARN_UNINITIALIZED_AUTOS = YES_AGGRESSIVE;
				GCC_WARN_UNUSED_FUNCTION = YES;
				GCC_WARN_UNUSED_VARIABLE = YES;
				IPHONEOS_DEPLOYMENT_TARGET = 16.2;
				MTL_ENABLE_DEBUG_INFO = INCLUDE_SOURCE;
				MTL_FAST_MATH = YES;
				ONLY_ACTIVE_ARCH = YES;
				SDKROOT = iphoneos;
				SWIFT_ACTIVE_COMPILATION_CONDITIONS = DEBUG;
				SWIFT_OPTIMIZATION_LEVEL = "-Onone";
			};
			name = Debug;
		};
		D0370E2B29CF84DE005682D8 /* Release */ = {
			isa = XCBuildConfiguration;
			buildSettings = {
				ALWAYS_SEARCH_USER_PATHS = NO;
				CLANG_ANALYZER_NONNULL = YES;
				CLANG_ANALYZER_NUMBER_OBJECT_CONVERSION = YES_AGGRESSIVE;
				CLANG_CXX_LANGUAGE_STANDARD = "gnu++20";
				CLANG_ENABLE_MODULES = YES;
				CLANG_ENABLE_OBJC_ARC = YES;
				CLANG_ENABLE_OBJC_WEAK = YES;
				CLANG_WARN_BLOCK_CAPTURE_AUTORELEASING = YES;
				CLANG_WARN_BOOL_CONVERSION = YES;
				CLANG_WARN_COMMA = YES;
				CLANG_WARN_CONSTANT_CONVERSION = YES;
				CLANG_WARN_DEPRECATED_OBJC_IMPLEMENTATIONS = YES;
				CLANG_WARN_DIRECT_OBJC_ISA_USAGE = YES_ERROR;
				CLANG_WARN_DOCUMENTATION_COMMENTS = YES;
				CLANG_WARN_EMPTY_BODY = YES;
				CLANG_WARN_ENUM_CONVERSION = YES;
				CLANG_WARN_INFINITE_RECURSION = YES;
				CLANG_WARN_INT_CONVERSION = YES;
				CLANG_WARN_NON_LITERAL_NULL_CONVERSION = YES;
				CLANG_WARN_OBJC_IMPLICIT_RETAIN_SELF = YES;
				CLANG_WARN_OBJC_LITERAL_CONVERSION = YES;
				CLANG_WARN_OBJC_ROOT_CLASS = YES_ERROR;
				CLANG_WARN_QUOTED_INCLUDE_IN_FRAMEWORK_HEADER = YES;
				CLANG_WARN_RANGE_LOOP_ANALYSIS = YES;
				CLANG_WARN_STRICT_PROTOTYPES = YES;
				CLANG_WARN_SUSPICIOUS_MOVE = YES;
				CLANG_WARN_UNGUARDED_AVAILABILITY = YES_AGGRESSIVE;
				CLANG_WARN_UNREACHABLE_CODE = YES;
				CLANG_WARN__DUPLICATE_METHOD_MATCH = YES;
				COPY_PHASE_STRIP = NO;
				DEBUG_INFORMATION_FORMAT = "dwarf-with-dsym";
				ENABLE_NS_ASSERTIONS = NO;
				ENABLE_STRICT_OBJC_MSGSEND = YES;
				GCC_C_LANGUAGE_STANDARD = gnu11;
				GCC_NO_COMMON_BLOCKS = YES;
				GCC_WARN_64_TO_32_BIT_CONVERSION = YES;
				GCC_WARN_ABOUT_RETURN_TYPE = YES_ERROR;
				GCC_WARN_UNDECLARED_SELECTOR = YES;
				GCC_WARN_UNINITIALIZED_AUTOS = YES_AGGRESSIVE;
				GCC_WARN_UNUSED_FUNCTION = YES;
				GCC_WARN_UNUSED_VARIABLE = YES;
				IPHONEOS_DEPLOYMENT_TARGET = 16.2;
				MTL_ENABLE_DEBUG_INFO = NO;
				MTL_FAST_MATH = YES;
				SDKROOT = iphoneos;
				SWIFT_COMPILATION_MODE = wholemodule;
				SWIFT_OPTIMIZATION_LEVEL = "-O";
				VALIDATE_PRODUCT = YES;
			};
			name = Release;
		};
		D0370E2D29CF84DE005682D8 /* Debug */ = {
			isa = XCBuildConfiguration;
			buildSettings = {
				ALWAYS_EMBED_SWIFT_STANDARD_LIBRARIES = YES;
				ASSETCATALOG_COMPILER_APPICON_NAME = AppIcon;
				ASSETCATALOG_COMPILER_GLOBAL_ACCENT_COLOR_NAME = AccentColor;
				CODE_SIGN_STYLE = Automatic;
				CURRENT_PROJECT_VERSION = 1;
				DEVELOPMENT_ASSET_PATHS = "\"NutrimalA/Preview Content\"";
				DEVELOPMENT_TEAM = BX5MBDUY2N;
				ENABLE_PREVIEWS = YES;
				GENERATE_INFOPLIST_FILE = YES;
				INFOPLIST_FILE = NutrimalA/Info.plist;
				INFOPLIST_KEY_NSSupportsLiveActivities = YES;
				INFOPLIST_KEY_UIApplicationSceneManifest_Generation = YES;
				INFOPLIST_KEY_UIApplicationSupportsIndirectInputEvents = YES;
				INFOPLIST_KEY_UILaunchScreen_Generation = YES;
				INFOPLIST_KEY_UISupportedInterfaceOrientations_iPad = "UIInterfaceOrientationPortrait UIInterfaceOrientationPortraitUpsideDown UIInterfaceOrientationLandscapeLeft UIInterfaceOrientationLandscapeRight";
				INFOPLIST_KEY_UISupportedInterfaceOrientations_iPhone = "UIInterfaceOrientationPortrait UIInterfaceOrientationLandscapeLeft UIInterfaceOrientationLandscapeRight";
				IPHONEOS_DEPLOYMENT_TARGET = 16.1;
				LD_RUNPATH_SEARCH_PATHS = (
					"$(inherited)",
					"@executable_path/Frameworks",
				);
				MARKETING_VERSION = 1.0;
				PRODUCT_BUNDLE_IDENTIFIER = NutrimalA.NutrimalA;
				PRODUCT_NAME = "$(TARGET_NAME)";
				SWIFT_EMIT_LOC_STRINGS = YES;
				SWIFT_VERSION = 5.0;
				TARGETED_DEVICE_FAMILY = 1;
			};
			name = Debug;
		};
		D0370E2E29CF84DE005682D8 /* Release */ = {
			isa = XCBuildConfiguration;
			buildSettings = {
				ALWAYS_EMBED_SWIFT_STANDARD_LIBRARIES = YES;
				ASSETCATALOG_COMPILER_APPICON_NAME = AppIcon;
				ASSETCATALOG_COMPILER_GLOBAL_ACCENT_COLOR_NAME = AccentColor;
				CODE_SIGN_STYLE = Automatic;
				CURRENT_PROJECT_VERSION = 1;
				DEVELOPMENT_ASSET_PATHS = "\"NutrimalA/Preview Content\"";
				DEVELOPMENT_TEAM = BX5MBDUY2N;
				ENABLE_PREVIEWS = YES;
				GENERATE_INFOPLIST_FILE = YES;
				INFOPLIST_FILE = NutrimalA/Info.plist;
				INFOPLIST_KEY_NSSupportsLiveActivities = YES;
				INFOPLIST_KEY_UIApplicationSceneManifest_Generation = YES;
				INFOPLIST_KEY_UIApplicationSupportsIndirectInputEvents = YES;
				INFOPLIST_KEY_UILaunchScreen_Generation = YES;
				INFOPLIST_KEY_UISupportedInterfaceOrientations_iPad = "UIInterfaceOrientationPortrait UIInterfaceOrientationPortraitUpsideDown UIInterfaceOrientationLandscapeLeft UIInterfaceOrientationLandscapeRight";
				INFOPLIST_KEY_UISupportedInterfaceOrientations_iPhone = "UIInterfaceOrientationPortrait UIInterfaceOrientationLandscapeLeft UIInterfaceOrientationLandscapeRight";
				IPHONEOS_DEPLOYMENT_TARGET = 16.1;
				LD_RUNPATH_SEARCH_PATHS = (
					"$(inherited)",
					"@executable_path/Frameworks",
				);
				MARKETING_VERSION = 1.0;
				PRODUCT_BUNDLE_IDENTIFIER = NutrimalA.NutrimalA;
				PRODUCT_NAME = "$(TARGET_NAME)";
				SWIFT_EMIT_LOC_STRINGS = YES;
				SWIFT_VERSION = 5.0;
				TARGETED_DEVICE_FAMILY = 1;
			};
			name = Release;
		};
/* End XCBuildConfiguration section */

/* Begin XCConfigurationList section */
		D008F4D329F42BE000B1C6EC /* Build configuration list for PBXNativeTarget "workoutTimerWidgetExtension" */ = {
			isa = XCConfigurationList;
			buildConfigurations = (
				D008F4D429F42BE000B1C6EC /* Debug */,
				D008F4D529F42BE000B1C6EC /* Release */,
			);
			defaultConfigurationIsVisible = 0;
			defaultConfigurationName = Release;
		};
		D0370E1929CF84DD005682D8 /* Build configuration list for PBXProject "NutrimalA" */ = {
			isa = XCConfigurationList;
			buildConfigurations = (
				D0370E2A29CF84DE005682D8 /* Debug */,
				D0370E2B29CF84DE005682D8 /* Release */,
			);
			defaultConfigurationIsVisible = 0;
			defaultConfigurationName = Release;
		};
		D0370E2C29CF84DE005682D8 /* Build configuration list for PBXNativeTarget "NutrimalA" */ = {
			isa = XCConfigurationList;
			buildConfigurations = (
				D0370E2D29CF84DE005682D8 /* Debug */,
				D0370E2E29CF84DE005682D8 /* Release */,
			);
			defaultConfigurationIsVisible = 0;
			defaultConfigurationName = Release;
		};
/* End XCConfigurationList section */

/* Begin XCVersionGroup section */
		D008F48A29F3651900B1C6EC /* WokoutLogDataModel.xcdatamodeld */ = {
			isa = XCVersionGroup;
			children = (
				D008F48B29F3651900B1C6EC /* WokoutLogDataModel.xcdatamodel */,
			);
			currentVersion = D008F48B29F3651900B1C6EC /* WokoutLogDataModel.xcdatamodel */;
			path = WokoutLogDataModel.xcdatamodeld;
			sourceTree = "<group>";
			versionGroupType = wrapper.xcdatamodel;
		};
/* End XCVersionGroup section */
	};
	rootObject = D0370E1629CF84DD005682D8 /* Project object */;
}
