// !$*UTF8*$!
{
	archiveVersion = 1;
	classes = {
	};
	objectVersion = 56;
	objects = {

/* Begin PBXBuildFile section */
		D00087D029D4F00200A8A2C5 /* SpaceGrotesk-Light.ttf in Resources */ = {isa = PBXBuildFile; fileRef = D00087C929D4EFEC00A8A2C5 /* SpaceGrotesk-Light.ttf */; };
		D00087D129D4F00400A8A2C5 /* SpaceGrotesk-Regular.ttf in Resources */ = {isa = PBXBuildFile; fileRef = D00087CA29D4EFEC00A8A2C5 /* SpaceGrotesk-Regular.ttf */; };
		D00087D229D4F00600A8A2C5 /* SpaceGrotesk-SemiBold.ttf in Resources */ = {isa = PBXBuildFile; fileRef = D00087CB29D4EFEC00A8A2C5 /* SpaceGrotesk-SemiBold.ttf */; };
		D00087D329D4F00900A8A2C5 /* SpaceGrotesk-Medium.ttf in Resources */ = {isa = PBXBuildFile; fileRef = D00087CC29D4EFEC00A8A2C5 /* SpaceGrotesk-Medium.ttf */; };
		D00087D429D4F00C00A8A2C5 /* SpaceGrotesk-Bold.ttf in Resources */ = {isa = PBXBuildFile; fileRef = D00087CD29D4EFEC00A8A2C5 /* SpaceGrotesk-Bold.ttf */; };
		D00087E029D4F15D00A8A2C5 /* SpaceGrotesk-VariableFont_wght.ttf in Resources */ = {isa = PBXBuildFile; fileRef = D00087DF29D4F15D00A8A2C5 /* SpaceGrotesk-VariableFont_wght.ttf */; };
		D00087E229D50A5900A8A2C5 /* WorkoutLogModel.swift in Sources */ = {isa = PBXBuildFile; fileRef = D00087E129D50A5900A8A2C5 /* WorkoutLogModel.swift */; };
		D00087E429D50A7D00A8A2C5 /* WorkoutLogViewModel.swift in Sources */ = {isa = PBXBuildFile; fileRef = D00087E329D50A7D00A8A2C5 /* WorkoutLogViewModel.swift */; };
		D008F48129F1E7CD00B1C6EC /* HomePageView.swift in Sources */ = {isa = PBXBuildFile; fileRef = D008F48029F1E7CD00B1C6EC /* HomePageView.swift */; };
		D008F48329F1E7E600B1C6EC /* HomePageViewModel.swift in Sources */ = {isa = PBXBuildFile; fileRef = D008F48229F1E7E600B1C6EC /* HomePageViewModel.swift */; };
		D008F48529F1E7FE00B1C6EC /* HomePageModel .swift in Sources */ = {isa = PBXBuildFile; fileRef = D008F48429F1E7FE00B1C6EC /* HomePageModel .swift */; };
		D008F48729F2304700B1C6EC /* MyExercisesPage.swift in Sources */ = {isa = PBXBuildFile; fileRef = D008F48629F2304700B1C6EC /* MyExercisesPage.swift */; };
		D008F48C29F3651900B1C6EC /* WokoutLogDataModel.xcdatamodeld in Sources */ = {isa = PBXBuildFile; fileRef = D008F48A29F3651900B1C6EC /* WokoutLogDataModel.xcdatamodeld */; };
		D008F49029F36D9900B1C6EC /* dataController.swift in Sources */ = {isa = PBXBuildFile; fileRef = D008F48F29F36D9900B1C6EC /* dataController.swift */; };
		D0370E2229CF84DD005682D8 /* NutrimalAApp.swift in Sources */ = {isa = PBXBuildFile; fileRef = D0370E2129CF84DD005682D8 /* NutrimalAApp.swift */; };
		D0370E2429CF84DD005682D8 /* WorkoutLogView.swift in Sources */ = {isa = PBXBuildFile; fileRef = D0370E2329CF84DD005682D8 /* WorkoutLogView.swift */; };
		D0370E2629CF84DE005682D8 /* Assets.xcassets in Resources */ = {isa = PBXBuildFile; fileRef = D0370E2529CF84DE005682D8 /* Assets.xcassets */; };
		D0370E2929CF84DE005682D8 /* Preview Assets.xcassets in Resources */ = {isa = PBXBuildFile; fileRef = D0370E2829CF84DE005682D8 /* Preview Assets.xcassets */; };
		D05AAC3129ECC5BA001FDEF9 /* TimerCompletedPopUp.swift in Sources */ = {isa = PBXBuildFile; fileRef = D05AAC3029ECC5BA001FDEF9 /* TimerCompletedPopUp.swift */; };
		D05AAC3F29F0E2BE001FDEF9 /* Exercises.json in Resources */ = {isa = PBXBuildFile; fileRef = D05AAC3E29F0E2BE001FDEF9 /* Exercises.json */; };
		D06A9E6729E8C85600DA00B4 /* AddExersisesPopUp.swift in Sources */ = {isa = PBXBuildFile; fileRef = D06A9E6629E8C85600DA00B4 /* AddExersisesPopUp.swift */; };
		D06EF5E629E4F0BC000ACFE1 /* DropDownMenu.swift in Sources */ = {isa = PBXBuildFile; fileRef = D06EF5E529E4F0BC000ACFE1 /* DropDownMenu.swift */; };
		D0AD966629E0CF75000B6711 /* HapticManager.swift in Sources */ = {isa = PBXBuildFile; fileRef = D0AD966529E0CF75000B6711 /* HapticManager.swift */; };
		D0C02FB229E0D0CF003DEEB1 /* WorkoutSetRowView.swift in Sources */ = {isa = PBXBuildFile; fileRef = D0C02FB129E0D0CF003DEEB1 /* WorkoutSetRowView.swift */; };
		D0C02FB429E0E3E8003DEEB1 /* 3DotsButton.swift in Sources */ = {isa = PBXBuildFile; fileRef = D0C02FB329E0E3E7003DEEB1 /* 3DotsButton.swift */; };
		D0C02FB629E0EFE9003DEEB1 /* DataMetricsButton.swift in Sources */ = {isa = PBXBuildFile; fileRef = D0C02FB529E0EFE9003DEEB1 /* DataMetricsButton.swift */; };
/* End PBXBuildFile section */

/* Begin PBXFileReference section */
		D00087C929D4EFEC00A8A2C5 /* SpaceGrotesk-Light.ttf */ = {isa = PBXFileReference; lastKnownFileType = file; path = "SpaceGrotesk-Light.ttf"; sourceTree = "<group>"; };
		D00087CA29D4EFEC00A8A2C5 /* SpaceGrotesk-Regular.ttf */ = {isa = PBXFileReference; lastKnownFileType = file; path = "SpaceGrotesk-Regular.ttf"; sourceTree = "<group>"; };
		D00087CB29D4EFEC00A8A2C5 /* SpaceGrotesk-SemiBold.ttf */ = {isa = PBXFileReference; lastKnownFileType = file; path = "SpaceGrotesk-SemiBold.ttf"; sourceTree = "<group>"; };
		D00087CC29D4EFEC00A8A2C5 /* SpaceGrotesk-Medium.ttf */ = {isa = PBXFileReference; lastKnownFileType = file; path = "SpaceGrotesk-Medium.ttf"; sourceTree = "<group>"; };
		D00087CD29D4EFEC00A8A2C5 /* SpaceGrotesk-Bold.ttf */ = {isa = PBXFileReference; lastKnownFileType = file; path = "SpaceGrotesk-Bold.ttf"; sourceTree = "<group>"; };
		D00087DF29D4F15D00A8A2C5 /* SpaceGrotesk-VariableFont_wght.ttf */ = {isa = PBXFileReference; lastKnownFileType = file; path = "SpaceGrotesk-VariableFont_wght.ttf"; sourceTree = "<group>"; };
		D00087E129D50A5900A8A2C5 /* WorkoutLogModel.swift */ = {isa = PBXFileReference; lastKnownFileType = sourcecode.swift; path = WorkoutLogModel.swift; sourceTree = "<group>"; };
		D00087E329D50A7D00A8A2C5 /* WorkoutLogViewModel.swift */ = {isa = PBXFileReference; lastKnownFileType = sourcecode.swift; path = WorkoutLogViewModel.swift; sourceTree = "<group>"; };
		D008F48029F1E7CD00B1C6EC /* HomePageView.swift */ = {isa = PBXFileReference; lastKnownFileType = sourcecode.swift; path = HomePageView.swift; sourceTree = "<group>"; };
		D008F48229F1E7E600B1C6EC /* HomePageViewModel.swift */ = {isa = PBXFileReference; lastKnownFileType = sourcecode.swift; path = HomePageViewModel.swift; sourceTree = "<group>"; };
		D008F48429F1E7FE00B1C6EC /* HomePageModel .swift */ = {isa = PBXFileReference; lastKnownFileType = sourcecode.swift; path = "HomePageModel .swift"; sourceTree = "<group>"; };
		D008F48629F2304700B1C6EC /* MyExercisesPage.swift */ = {isa = PBXFileReference; lastKnownFileType = sourcecode.swift; path = MyExercisesPage.swift; sourceTree = "<group>"; };
		D008F48B29F3651900B1C6EC /* WokoutLogDataModel.xcdatamodel */ = {isa = PBXFileReference; lastKnownFileType = wrapper.xcdatamodel; path = WokoutLogDataModel.xcdatamodel; sourceTree = "<group>"; };
		D008F48F29F36D9900B1C6EC /* dataController.swift */ = {isa = PBXFileReference; lastKnownFileType = sourcecode.swift; path = dataController.swift; sourceTree = "<group>"; };
		D0370E1E29CF84DD005682D8 /* NutrimalA.app */ = {isa = PBXFileReference; explicitFileType = wrapper.application; includeInIndex = 0; path = NutrimalA.app; sourceTree = BUILT_PRODUCTS_DIR; };
		D0370E2129CF84DD005682D8 /* NutrimalAApp.swift */ = {isa = PBXFileReference; lastKnownFileType = sourcecode.swift; path = NutrimalAApp.swift; sourceTree = "<group>"; };
		D0370E2329CF84DD005682D8 /* WorkoutLogView.swift */ = {isa = PBXFileReference; lastKnownFileType = sourcecode.swift; path = WorkoutLogView.swift; sourceTree = "<group>"; tabWidth = 4; usesTabs = 0; };
		D0370E2529CF84DE005682D8 /* Assets.xcassets */ = {isa = PBXFileReference; lastKnownFileType = folder.assetcatalog; path = Assets.xcassets; sourceTree = "<group>"; };
		D0370E2829CF84DE005682D8 /* Preview Assets.xcassets */ = {isa = PBXFileReference; lastKnownFileType = folder.assetcatalog; path = "Preview Assets.xcassets"; sourceTree = "<group>"; };
		D05AAC3029ECC5BA001FDEF9 /* TimerCompletedPopUp.swift */ = {isa = PBXFileReference; lastKnownFileType = sourcecode.swift; path = TimerCompletedPopUp.swift; sourceTree = "<group>"; };
		D05AAC3E29F0E2BE001FDEF9 /* Exercises.json */ = {isa = PBXFileReference; lastKnownFileType = text.json; path = Exercises.json; sourceTree = "<group>"; };
		D06A9E6629E8C85600DA00B4 /* AddExersisesPopUp.swift */ = {isa = PBXFileReference; lastKnownFileType = sourcecode.swift; path = AddExersisesPopUp.swift; sourceTree = "<group>"; };
		D06EF5E529E4F0BC000ACFE1 /* DropDownMenu.swift */ = {isa = PBXFileReference; lastKnownFileType = sourcecode.swift; path = DropDownMenu.swift; sourceTree = "<group>"; };
		D0AD966529E0CF75000B6711 /* HapticManager.swift */ = {isa = PBXFileReference; lastKnownFileType = sourcecode.swift; path = HapticManager.swift; sourceTree = "<group>"; };
		D0C02FB129E0D0CF003DEEB1 /* WorkoutSetRowView.swift */ = {isa = PBXFileReference; lastKnownFileType = sourcecode.swift; path = WorkoutSetRowView.swift; sourceTree = "<group>"; };
		D0C02FB329E0E3E7003DEEB1 /* 3DotsButton.swift */ = {isa = PBXFileReference; lastKnownFileType = sourcecode.swift; path = 3DotsButton.swift; sourceTree = "<group>"; };
		D0C02FB529E0EFE9003DEEB1 /* DataMetricsButton.swift */ = {isa = PBXFileReference; lastKnownFileType = sourcecode.swift; path = DataMetricsButton.swift; sourceTree = "<group>"; };
		D0D6674C29D09ADB00F2C1E9 /* Info.plist */ = {isa = PBXFileReference; lastKnownFileType = text.plist.xml; path = Info.plist; sourceTree = "<group>"; };
/* End PBXFileReference section */

/* Begin PBXFrameworksBuildPhase section */
		D0370E1B29CF84DD005682D8 /* Frameworks */ = {
			isa = PBXFrameworksBuildPhase;
			buildActionMask = 2147483647;
			files = (
			);
			runOnlyForDeploymentPostprocessing = 0;
		};
/* End PBXFrameworksBuildPhase section */

/* Begin PBXGroup section */
		D00087C829D4EFEC00A8A2C5 /* static */ = {
			isa = PBXGroup;
			children = (
				D00087C929D4EFEC00A8A2C5 /* SpaceGrotesk-Light.ttf */,
				D00087CA29D4EFEC00A8A2C5 /* SpaceGrotesk-Regular.ttf */,
				D00087CB29D4EFEC00A8A2C5 /* SpaceGrotesk-SemiBold.ttf */,
				D00087CC29D4EFEC00A8A2C5 /* SpaceGrotesk-Medium.ttf */,
				D00087DF29D4F15D00A8A2C5 /* SpaceGrotesk-VariableFont_wght.ttf */,
				D00087CD29D4EFEC00A8A2C5 /* SpaceGrotesk-Bold.ttf */,
			);
			path = static;
			sourceTree = "<group>";
		};
		D008F47D29F1E65900B1C6EC /* WokroutLog */ = {
			isa = PBXGroup;
			children = (
				D0C02FB529E0EFE9003DEEB1 /* DataMetricsButton.swift */,
				D0C02FB329E0E3E7003DEEB1 /* 3DotsButton.swift */,
				D0370E2329CF84DD005682D8 /* WorkoutLogView.swift */,
				D00087E129D50A5900A8A2C5 /* WorkoutLogModel.swift */,
				D00087E329D50A7D00A8A2C5 /* WorkoutLogViewModel.swift */,
				D0AD966529E0CF75000B6711 /* HapticManager.swift */,
				D0C02FB129E0D0CF003DEEB1 /* WorkoutSetRowView.swift */,
				D05AAC3029ECC5BA001FDEF9 /* TimerCompletedPopUp.swift */,
				D06A9E6629E8C85600DA00B4 /* AddExersisesPopUp.swift */,
				D06EF5E529E4F0BC000ACFE1 /* DropDownMenu.swift */,
			);
			path = WokroutLog;
			sourceTree = "<group>";
		};
		D008F48929F364E800B1C6EC /* DataModelMain */ = {
			isa = PBXGroup;
			children = (
				D008F48A29F3651900B1C6EC /* WokoutLogDataModel.xcdatamodeld */,
				D008F48F29F36D9900B1C6EC /* dataController.swift */,
			);
			path = DataModelMain;
			sourceTree = "<group>";
		};
		D0370E1529CF84DD005682D8 = {
			isa = PBXGroup;
			children = (
				D05AAC3E29F0E2BE001FDEF9 /* Exercises.json */,
				D0D6674C29D09ADB00F2C1E9 /* Info.plist */,
				D00087C829D4EFEC00A8A2C5 /* static */,
				D0370E2029CF84DD005682D8 /* NutrimalA */,
				D0370E1F29CF84DD005682D8 /* Products */,
			);
			sourceTree = "<group>";
		};
		D0370E1F29CF84DD005682D8 /* Products */ = {
			isa = PBXGroup;
			children = (
				D0370E1E29CF84DD005682D8 /* NutrimalA.app */,
			);
			name = Products;
			sourceTree = "<group>";
		};
		D0370E2029CF84DD005682D8 /* NutrimalA */ = {
			isa = PBXGroup;
			children = (
				D008F48629F2304700B1C6EC /* MyExercisesPage.swift */,
				D008F48929F364E800B1C6EC /* DataModelMain */,
				D0370E2129CF84DD005682D8 /* NutrimalAApp.swift */,
				D008F48029F1E7CD00B1C6EC /* HomePageView.swift */,
				D008F48429F1E7FE00B1C6EC /* HomePageModel .swift */,
				D008F48229F1E7E600B1C6EC /* HomePageViewModel.swift */,
				D008F47D29F1E65900B1C6EC /* WokroutLog */,
				D0370E2529CF84DE005682D8 /* Assets.xcassets */,
				D0370E2729CF84DE005682D8 /* Preview Content */,
			);
			path = NutrimalA;
			sourceTree = "<group>";
		};
		D0370E2729CF84DE005682D8 /* Preview Content */ = {
			isa = PBXGroup;
			children = (
				D0370E2829CF84DE005682D8 /* Preview Assets.xcassets */,
			);
			path = "Preview Content";
			sourceTree = "<group>";
		};
/* End PBXGroup section */

/* Begin PBXNativeTarget section */
		D0370E1D29CF84DD005682D8 /* NutrimalA */ = {
			isa = PBXNativeTarget;
			buildConfigurationList = D0370E2C29CF84DE005682D8 /* Build configuration list for PBXNativeTarget "NutrimalA" */;
			buildPhases = (
				D0370E1A29CF84DD005682D8 /* Sources */,
				D0370E1B29CF84DD005682D8 /* Frameworks */,
				D0370E1C29CF84DD005682D8 /* Resources */,
			);
			buildRules = (
			);
			dependencies = (
			);
			name = NutrimalA;
			productName = NutrimalA;
			productReference = D0370E1E29CF84DD005682D8 /* NutrimalA.app */;
			productType = "com.apple.product-type.application";
		};
/* End PBXNativeTarget section */

/* Begin PBXProject section */
		D0370E1629CF84DD005682D8 /* Project object */ = {
			isa = PBXProject;
			attributes = {
				BuildIndependentTargetsInParallel = 1;
				LastSwiftUpdateCheck = 1420;
				LastUpgradeCheck = 1420;
				TargetAttributes = {
					D0370E1D29CF84DD005682D8 = {
						CreatedOnToolsVersion = 14.2;
					};
				};
			};
			buildConfigurationList = D0370E1929CF84DD005682D8 /* Build configuration list for PBXProject "NutrimalA" */;
			compatibilityVersion = "Xcode 14.0";
			developmentRegion = en;
			hasScannedForEncodings = 0;
			knownRegions = (
				en,
				Base,
			);
			mainGroup = D0370E1529CF84DD005682D8;
			productRefGroup = D0370E1F29CF84DD005682D8 /* Products */;
			projectDirPath = "";
			projectRoot = "";
			targets = (
				D0370E1D29CF84DD005682D8 /* NutrimalA */,
			);
		};
/* End PBXProject section */

/* Begin PBXResourcesBuildPhase section */
		D0370E1C29CF84DD005682D8 /* Resources */ = {
			isa = PBXResourcesBuildPhase;
			buildActionMask = 2147483647;
			files = (
				D05AAC3F29F0E2BE001FDEF9 /* Exercises.json in Resources */,
				D0370E2929CF84DE005682D8 /* Preview Assets.xcassets in Resources */,
				D00087D129D4F00400A8A2C5 /* SpaceGrotesk-Regular.ttf in Resources */,
				D00087D429D4F00C00A8A2C5 /* SpaceGrotesk-Bold.ttf in Resources */,
				D00087D029D4F00200A8A2C5 /* SpaceGrotesk-Light.ttf in Resources */,
				D00087E029D4F15D00A8A2C5 /* SpaceGrotesk-VariableFont_wght.ttf in Resources */,
				D00087D329D4F00900A8A2C5 /* SpaceGrotesk-Medium.ttf in Resources */,
				D0370E2629CF84DE005682D8 /* Assets.xcassets in Resources */,
				D00087D229D4F00600A8A2C5 /* SpaceGrotesk-SemiBold.ttf in Resources */,
			);
			runOnlyForDeploymentPostprocessing = 0;
		};
/* End PBXResourcesBuildPhase section */

/* Begin PBXSourcesBuildPhase section */
		D0370E1A29CF84DD005682D8 /* Sources */ = {
			isa = PBXSourcesBuildPhase;
			buildActionMask = 2147483647;
			files = (
				D0C02FB429E0E3E8003DEEB1 /* 3DotsButton.swift in Sources */,
				D008F48129F1E7CD00B1C6EC /* HomePageView.swift in Sources */,
				D00087E229D50A5900A8A2C5 /* WorkoutLogModel.swift in Sources */,
				D00087E429D50A7D00A8A2C5 /* WorkoutLogViewModel.swift in Sources */,
				D008F48329F1E7E600B1C6EC /* HomePageViewModel.swift in Sources */,
				D0370E2429CF84DD005682D8 /* WorkoutLogView.swift in Sources */,
				D008F49029F36D9900B1C6EC /* dataController.swift in Sources */,
				D008F48529F1E7FE00B1C6EC /* HomePageModel .swift in Sources */,
				D0370E2229CF84DD005682D8 /* NutrimalAApp.swift in Sources */,
				D0C02FB229E0D0CF003DEEB1 /* WorkoutSetRowView.swift in Sources */,
				D06EF5E629E4F0BC000ACFE1 /* DropDownMenu.swift in Sources */,
				D008F48729F2304700B1C6EC /* MyExercisesPage.swift in Sources */,
				D0AD966629E0CF75000B6711 /* HapticManager.swift in Sources */,
				D06A9E6729E8C85600DA00B4 /* AddExersisesPopUp.swift in Sources */,
				D008F48C29F3651900B1C6EC /* WokoutLogDataModel.xcdatamodeld in Sources */,
				D0C02FB629E0EFE9003DEEB1 /* DataMetricsButton.swift in Sources */,
				D05AAC3129ECC5BA001FDEF9 /* TimerCompletedPopUp.swift in Sources */,
			);
			runOnlyForDeploymentPostprocessing = 0;
		};
/* End PBXSourcesBuildPhase section */

/* Begin XCBuildConfiguration section */
		D0370E2A29CF84DE005682D8 /* Debug */ = {
			isa = XCBuildConfiguration;
			buildSettings = {
				ALWAYS_SEARCH_USER_PATHS = NO;
				CLANG_ANALYZER_NONNULL = YES;
				CLANG_ANALYZER_NUMBER_OBJECT_CONVERSION = YES_AGGRESSIVE;
				CLANG_CXX_LANGUAGE_STANDARD = "gnu++20";
				CLANG_ENABLE_MODULES = YES;
				CLANG_ENABLE_OBJC_ARC = YES;
				CLANG_ENABLE_OBJC_WEAK = YES;
				CLANG_WARN_BLOCK_CAPTURE_AUTORELEASING = YES;
				CLANG_WARN_BOOL_CONVERSION = YES;
				CLANG_WARN_COMMA = YES;
				CLANG_WARN_CONSTANT_CONVERSION = YES;
				CLANG_WARN_DEPRECATED_OBJC_IMPLEMENTATIONS = YES;
				CLANG_WARN_DIRECT_OBJC_ISA_USAGE = YES_ERROR;
				CLANG_WARN_DOCUMENTATION_COMMENTS = YES;
				CLANG_WARN_EMPTY_BODY = YES;
				CLANG_WARN_ENUM_CONVERSION = YES;
				CLANG_WARN_INFINITE_RECURSION = YES;
				CLANG_WARN_INT_CONVERSION = YES;
				CLANG_WARN_NON_LITERAL_NULL_CONVERSION = YES;
				CLANG_WARN_OBJC_IMPLICIT_RETAIN_SELF = YES;
				CLANG_WARN_OBJC_LITERAL_CONVERSION = YES;
				CLANG_WARN_OBJC_ROOT_CLASS = YES_ERROR;
				CLANG_WARN_QUOTED_INCLUDE_IN_FRAMEWORK_HEADER = YES;
				CLANG_WARN_RANGE_LOOP_ANALYSIS = YES;
				CLANG_WARN_STRICT_PROTOTYPES = YES;
				CLANG_WARN_SUSPICIOUS_MOVE = YES;
				CLANG_WARN_UNGUARDED_AVAILABILITY = YES_AGGRESSIVE;
				CLANG_WARN_UNREACHABLE_CODE = YES;
				CLANG_WARN__DUPLICATE_METHOD_MATCH = YES;
				COPY_PHASE_STRIP = NO;
				DEBUG_INFORMATION_FORMAT = dwarf;
				ENABLE_STRICT_OBJC_MSGSEND = YES;
				ENABLE_TESTABILITY = YES;
				GCC_C_LANGUAGE_STANDARD = gnu11;
				GCC_DYNAMIC_NO_PIC = NO;
				GCC_NO_COMMON_BLOCKS = YES;
				GCC_OPTIMIZATION_LEVEL = 0;
				GCC_PREPROCESSOR_DEFINITIONS = (
					"DEBUG=1",
					"$(inherited)",
				);
				GCC_WARN_64_TO_32_BIT_CONVERSION = YES;
				GCC_WARN_ABOUT_RETURN_TYPE = YES_ERROR;
				GCC_WARN_UNDECLARED_SELECTOR = YES;
				GCC_WARN_UNINITIALIZED_AUTOS = YES_AGGRESSIVE;
				GCC_WARN_UNUSED_FUNCTION = YES;
				GCC_WARN_UNUSED_VARIABLE = YES;
				IPHONEOS_DEPLOYMENT_TARGET = 16.2;
				MTL_ENABLE_DEBUG_INFO = INCLUDE_SOURCE;
				MTL_FAST_MATH = YES;
				ONLY_ACTIVE_ARCH = YES;
				SDKROOT = iphoneos;
				SWIFT_ACTIVE_COMPILATION_CONDITIONS = DEBUG;
				SWIFT_OPTIMIZATION_LEVEL = "-Onone";
			};
			name = Debug;
		};
		D0370E2B29CF84DE005682D8 /* Release */ = {
			isa = XCBuildConfiguration;
			buildSettings = {
				ALWAYS_SEARCH_USER_PATHS = NO;
				CLANG_ANALYZER_NONNULL = YES;
				CLANG_ANALYZER_NUMBER_OBJECT_CONVERSION = YES_AGGRESSIVE;
				CLANG_CXX_LANGUAGE_STANDARD = "gnu++20";
				CLANG_ENABLE_MODULES = YES;
				CLANG_ENABLE_OBJC_ARC = YES;
				CLANG_ENABLE_OBJC_WEAK = YES;
				CLANG_WARN_BLOCK_CAPTURE_AUTORELEASING = YES;
				CLANG_WARN_BOOL_CONVERSION = YES;
				CLANG_WARN_COMMA = YES;
				CLANG_WARN_CONSTANT_CONVERSION = YES;
				CLANG_WARN_DEPRECATED_OBJC_IMPLEMENTATIONS = YES;
				CLANG_WARN_DIRECT_OBJC_ISA_USAGE = YES_ERROR;
				CLANG_WARN_DOCUMENTATION_COMMENTS = YES;
				CLANG_WARN_EMPTY_BODY = YES;
				CLANG_WARN_ENUM_CONVERSION = YES;
				CLANG_WARN_INFINITE_RECURSION = YES;
				CLANG_WARN_INT_CONVERSION = YES;
				CLANG_WARN_NON_LITERAL_NULL_CONVERSION = YES;
				CLANG_WARN_OBJC_IMPLICIT_RETAIN_SELF = YES;
				CLANG_WARN_OBJC_LITERAL_CONVERSION = YES;
				CLANG_WARN_OBJC_ROOT_CLASS = YES_ERROR;
				CLANG_WARN_QUOTED_INCLUDE_IN_FRAMEWORK_HEADER = YES;
				CLANG_WARN_RANGE_LOOP_ANALYSIS = YES;
				CLANG_WARN_STRICT_PROTOTYPES = YES;
				CLANG_WARN_SUSPICIOUS_MOVE = YES;
				CLANG_WARN_UNGUARDED_AVAILABILITY = YES_AGGRESSIVE;
				CLANG_WARN_UNREACHABLE_CODE = YES;
				CLANG_WARN__DUPLICATE_METHOD_MATCH = YES;
				COPY_PHASE_STRIP = NO;
				DEBUG_INFORMATION_FORMAT = "dwarf-with-dsym";
				ENABLE_NS_ASSERTIONS = NO;
				ENABLE_STRICT_OBJC_MSGSEND = YES;
				GCC_C_LANGUAGE_STANDARD = gnu11;
				GCC_NO_COMMON_BLOCKS = YES;
				GCC_WARN_64_TO_32_BIT_CONVERSION = YES;
				GCC_WARN_ABOUT_RETURN_TYPE = YES_ERROR;
				GCC_WARN_UNDECLARED_SELECTOR = YES;
				GCC_WARN_UNINITIALIZED_AUTOS = YES_AGGRESSIVE;
				GCC_WARN_UNUSED_FUNCTION = YES;
				GCC_WARN_UNUSED_VARIABLE = YES;
				IPHONEOS_DEPLOYMENT_TARGET = 16.2;
				MTL_ENABLE_DEBUG_INFO = NO;
				MTL_FAST_MATH = YES;
				SDKROOT = iphoneos;
				SWIFT_COMPILATION_MODE = wholemodule;
				SWIFT_OPTIMIZATION_LEVEL = "-O";
				VALIDATE_PRODUCT = YES;
			};
			name = Release;
		};
		D0370E2D29CF84DE005682D8 /* Debug */ = {
			isa = XCBuildConfiguration;
			buildSettings = {
				ASSETCATALOG_COMPILER_APPICON_NAME = AppIcon;
				ASSETCATALOG_COMPILER_GLOBAL_ACCENT_COLOR_NAME = AccentColor;
				CODE_SIGN_STYLE = Automatic;
				CURRENT_PROJECT_VERSION = 1;
				DEVELOPMENT_ASSET_PATHS = "\"NutrimalA/Preview Content\"";
				DEVELOPMENT_TEAM = BX5MBDUY2N;
				ENABLE_PREVIEWS = YES;
				GENERATE_INFOPLIST_FILE = YES;
				INFOPLIST_FILE = NutrimalA/Info.plist;
				INFOPLIST_KEY_UIApplicationSceneManifest_Generation = YES;
				INFOPLIST_KEY_UIApplicationSupportsIndirectInputEvents = YES;
				INFOPLIST_KEY_UILaunchScreen_Generation = YES;
				INFOPLIST_KEY_UISupportedInterfaceOrientations_iPad = "UIInterfaceOrientationPortrait UIInterfaceOrientationPortraitUpsideDown UIInterfaceOrientationLandscapeLeft UIInterfaceOrientationLandscapeRight";
				INFOPLIST_KEY_UISupportedInterfaceOrientations_iPhone = "UIInterfaceOrientationPortrait UIInterfaceOrientationLandscapeLeft UIInterfaceOrientationLandscapeRight";
				IPHONEOS_DEPLOYMENT_TARGET = 16.0;
				LD_RUNPATH_SEARCH_PATHS = (
					"$(inherited)",
					"@executable_path/Frameworks",
				);
				MARKETING_VERSION = 1.0;
				PRODUCT_BUNDLE_IDENTIFIER = NutrimalA.NutrimalA;
				PRODUCT_NAME = "$(TARGET_NAME)";
				SWIFT_EMIT_LOC_STRINGS = YES;
				SWIFT_VERSION = 5.0;
				TARGETED_DEVICE_FAMILY = 1;
			};
			name = Debug;
		};
		D0370E2E29CF84DE005682D8 /* Release */ = {
			isa = XCBuildConfiguration;
			buildSettings = {
				ASSETCATALOG_COMPILER_APPICON_NAME = AppIcon;
				ASSETCATALOG_COMPILER_GLOBAL_ACCENT_COLOR_NAME = AccentColor;
				CODE_SIGN_STYLE = Automatic;
				CURRENT_PROJECT_VERSION = 1;
				DEVELOPMENT_ASSET_PATHS = "\"NutrimalA/Preview Content\"";
				DEVELOPMENT_TEAM = BX5MBDUY2N;
				ENABLE_PREVIEWS = YES;
				GENERATE_INFOPLIST_FILE = YES;
				INFOPLIST_FILE = NutrimalA/Info.plist;
				INFOPLIST_KEY_UIApplicationSceneManifest_Generation = YES;
				INFOPLIST_KEY_UIApplicationSupportsIndirectInputEvents = YES;
				INFOPLIST_KEY_UILaunchScreen_Generation = YES;
				INFOPLIST_KEY_UISupportedInterfaceOrientations_iPad = "UIInterfaceOrientationPortrait UIInterfaceOrientationPortraitUpsideDown UIInterfaceOrientationLandscapeLeft UIInterfaceOrientationLandscapeRight";
				INFOPLIST_KEY_UISupportedInterfaceOrientations_iPhone = "UIInterfaceOrientationPortrait UIInterfaceOrientationLandscapeLeft UIInterfaceOrientationLandscapeRight";
				IPHONEOS_DEPLOYMENT_TARGET = 16.0;
				LD_RUNPATH_SEARCH_PATHS = (
					"$(inherited)",
					"@executable_path/Frameworks",
				);
				MARKETING_VERSION = 1.0;
				PRODUCT_BUNDLE_IDENTIFIER = NutrimalA.NutrimalA;
				PRODUCT_NAME = "$(TARGET_NAME)";
				SWIFT_EMIT_LOC_STRINGS = YES;
				SWIFT_VERSION = 5.0;
				TARGETED_DEVICE_FAMILY = 1;
			};
			name = Release;
		};
/* End XCBuildConfiguration section */

/* Begin XCConfigurationList section */
		D0370E1929CF84DD005682D8 /* Build configuration list for PBXProject "NutrimalA" */ = {
			isa = XCConfigurationList;
			buildConfigurations = (
				D0370E2A29CF84DE005682D8 /* Debug */,
				D0370E2B29CF84DE005682D8 /* Release */,
			);
			defaultConfigurationIsVisible = 0;
			defaultConfigurationName = Release;
		};
		D0370E2C29CF84DE005682D8 /* Build configuration list for PBXNativeTarget "NutrimalA" */ = {
			isa = XCConfigurationList;
			buildConfigurations = (
				D0370E2D29CF84DE005682D8 /* Debug */,
				D0370E2E29CF84DE005682D8 /* Release */,
			);
			defaultConfigurationIsVisible = 0;
			defaultConfigurationName = Release;
		};
/* End XCConfigurationList section */

/* Begin XCVersionGroup section */
		D008F48A29F3651900B1C6EC /* WokoutLogDataModel.xcdatamodeld */ = {
			isa = XCVersionGroup;
			children = (
				D008F48B29F3651900B1C6EC /* WokoutLogDataModel.xcdatamodel */,
			);
			currentVersion = D008F48B29F3651900B1C6EC /* WokoutLogDataModel.xcdatamodel */;
			path = WokoutLogDataModel.xcdatamodeld;
			sourceTree = "<group>";
			versionGroupType = wrapper.xcdatamodel;
		};
/* End XCVersionGroup section */
	};
	rootObject = D0370E1629CF84DD005682D8 /* Project object */;
}
